
Microsoft Visual Studio Solution File, Format Version 12.00
# Visual Studio Version 17
VisualStudioVersion = 17.11.35327.3
MinimumVisualStudioVersion = 10.0.40219.1
Project("{FAE04EC0-301F-11D3-BF4B-00C04F79EFBC}") = "AdminPanel", "AdminPanel\AdminPanel.csproj", "{BADF156B-00D6-4D79-B03E-4EDA6E70DC39}"
EndProject
Global
	GlobalSection(SolutionConfigurationPlatforms) = preSolution
		Debug|Any CPU = Debug|Any CPU
		Release|Any CPU = Release|Any CPU
	EndGlobalSection
	GlobalSection(ProjectConfigurationPlatforms) = postSolution
		{BADF156B-00D6-4D79-B03E-4EDA6E70DC39}.Debug|Any CPU.ActiveCfg = Debug|Any CPU
		{BADF156B-00D6-4D79-B03E-4EDA6E70DC39}.Debug|Any CPU.Build.0 = Debug|Any CPU
		{BADF156B-00D6-4D79-B03E-4EDA6E70DC39}.Release|Any CPU.ActiveCfg = Release|Any CPU
		{BADF156B-00D6-4D79-B03E-4EDA6E70DC39}.Release|Any CPU.Build.0 = Release|Any CPU
	EndGlobalSection
	GlobalSection(SolutionProperties) = preSolution
		HideSolutionNode = FALSE
	EndGlobalSection
	GlobalSection(ExtensibilityGlobals) = postSolution
		SolutionGuid = {3EB155D8-83BD-4DF9-AA05-D69527E2A386}
	EndGlobalSection
EndGlobal
